{
  "version": "3",
  "packages": {
    "specifiers": {
      "jsr:@hono/hono@^4.5.5": "jsr:@hono/hono@4.5.5",
      "npm:@stdlib/string-remove-punctuation": "npm:@stdlib/string-remove-punctuation@0.2.1",
      "npm:@stdlib/string-remove-punctuation@^0.2.2": "npm:@stdlib/string-remove-punctuation@0.2.2",
      "npm:@types/node": "npm:@types/node@18.16.19",
      "npm:cheerio": "npm:cheerio@1.0.0-rc.12",
      "npm:cheerio@^1.0.0": "npm:cheerio@1.0.0",
      "npm:create-hono": "npm:create-hono@0.5.0",
      "npm:flexsearch": "npm:flexsearch@0.7.43",
      "npm:htmlparser2": "npm:htmlparser2@9.1.0",
      "npm:htmlparser2@^9.1.0": "npm:htmlparser2@9.1.0",
      "npm:minisearch": "npm:minisearch@6.3.0",
      "npm:minisearch@^7.1.0": "npm:minisearch@7.1.0",
      "npm:vn-str": "npm:vn-str@0.4.0",
      "npm:vn-str@^0.4.0": "npm:vn-str@0.4.0"
    },
    "jsr": {
      "@hono/hono@4.5.5": {
        "integrity": "e5a63b5f535475cd80974b65fed23a138d0cbb91fe1cc9a17a7c7278e835c308"
      }
    },
    "npm": {
      "@stdlib/assert-has-own-property@0.2.1": {
        "integrity": "sha512-TNx+PlR1kGG6Ypg9aiHpHzaIYI8iaKAj7Ad1r/A6BlbkA/czzJMMidJE91uDlpgrMAIILAT68MRXt3kD6X2tAw==",
        "dependencies": {}
      },
      "@stdlib/assert-has-symbol-support@0.2.1": {
        "integrity": "sha512-a0N1kI/csNiPZ/0lad7ATOIMSXgpm0mCBjV95TgA4+Dmmruol0DK3PrP4n+NuoziTLzRSM/CRgEtLQI5X9g6mQ==",
        "dependencies": {}
      },
      "@stdlib/assert-has-tostringtag-support@0.2.1": {
        "integrity": "sha512-cWhgirurOsVJzHSSU0GdX5HqHGF2DRWXPk7xbQ4OPhu0x4yeOa2WAupPf7PHQ0pMD++IoWW3I16Gr310WjLDeg==",
        "dependencies": {
          "@stdlib/assert-has-symbol-support": "@stdlib/assert-has-symbol-support@0.2.1"
        }
      },
      "@stdlib/assert-has-tostringtag-support@0.2.2": {
        "integrity": "sha512-bSHGqku11VH0swPEzO4Y2Dr+lTYEtjSWjamwqCTC8udOiOIOHKoxuU4uaMGKJjVfXG1L+XefLHqzuO5azxdRaA==",
        "dependencies": {
          "@stdlib/assert-has-symbol-support": "@stdlib/assert-has-symbol-support@0.2.1"
        }
      },
      "@stdlib/assert-is-array@0.2.1": {
        "integrity": "sha512-5sn5LKMn6mELsAXEDsxsm6S2+9mmGDdKGQdTNw9QnT/Kz3M+DzBPKEH719M20Pm1J7QNwMKICBZNWJzb5mvM4g==",
        "dependencies": {
          "@stdlib/utils-native-class": "@stdlib/utils-native-class@0.2.1"
        }
      },
      "@stdlib/assert-is-boolean@0.2.1": {
        "integrity": "sha512-Ls9j8PAFGZsR8v9J/39QKghT9oLmkm8RI418dt+fHBemFsjd4U/VEvUUgNEfal1LsVAc31ltklR0HJEKrkGDEg==",
        "dependencies": {
          "@stdlib/assert-has-tostringtag-support": "@stdlib/assert-has-tostringtag-support@0.2.1",
          "@stdlib/boolean-ctor": "@stdlib/boolean-ctor@0.2.1",
          "@stdlib/utils-define-nonenumerable-read-only-property": "@stdlib/utils-define-nonenumerable-read-only-property@0.2.1",
          "@stdlib/utils-native-class": "@stdlib/utils-native-class@0.2.1"
        }
      },
      "@stdlib/assert-is-buffer@0.2.1": {
        "integrity": "sha512-kSJW8R/byBz7yk2V3g3CCCM+6Im51l2pbNfnL7JABipyBZPolsOzRby6sD046PIFVf5jwufvpUUCZ68hzyEGsw==",
        "dependencies": {
          "@stdlib/assert-is-object-like": "@stdlib/assert-is-object-like@0.2.1"
        }
      },
      "@stdlib/assert-is-function@0.2.1": {
        "integrity": "sha512-tOt8GfMRxdx4t5x1ts85ndfYrnBUDE0wBiC5O1AR95xMdlA+yivkqyC1PjE3cA8XaxRT6E20DUruwJcbRamKIA==",
        "dependencies": {
          "@stdlib/utils-type-of": "@stdlib/utils-type-of@0.2.1"
        }
      },
      "@stdlib/assert-is-function@0.2.2": {
        "integrity": "sha512-whY69DUYWljCJ79Cvygp7VzWGOtGTsh3SQhzNuGt+ut6EsOW+8nwiRkyBXYKf/MOF+NRn15pxg8cJEoeRgsPcA==",
        "dependencies": {
          "@stdlib/utils-type-of": "@stdlib/utils-type-of@0.2.1"
        }
      },
      "@stdlib/assert-is-object-like@0.2.1": {
        "integrity": "sha512-vlnwFfJR0UmOO7R/Ny4nTZqZ3PCANIww3sz2Klliti3L85Yb3scUvTCmCGvRQ+QvbnFpqQsgIkCwqzGlKiQkcg==",
        "dependencies": {
          "@stdlib/assert-tools-array-function": "@stdlib/assert-tools-array-function@0.2.1",
          "@stdlib/utils-define-nonenumerable-read-only-property": "@stdlib/utils-define-nonenumerable-read-only-property@0.2.1"
        }
      },
      "@stdlib/assert-is-regexp@0.2.1": {
        "integrity": "sha512-XdPKcrW8Sh5TvuMdU4+DxuxuaBTX/K9pv7sIuOSMWHRZcblOUiEMf5wk8OHoG9I1PmRhDlaR0AC/MC6R5bFq3Q==",
        "dependencies": {
          "@stdlib/assert-has-tostringtag-support": "@stdlib/assert-has-tostringtag-support@0.2.1",
          "@stdlib/utils-native-class": "@stdlib/utils-native-class@0.2.1"
        }
      },
      "@stdlib/assert-is-regexp@0.2.2": {
        "integrity": "sha512-2JtiUtRJxPaVXL7dkWoV3n5jouI65DwYDXsDXg3xo23TXlTNGgU/HhKO4FWC1Yqju7YMZi0hcZSW6E9v8ISqeQ==",
        "dependencies": {
          "@stdlib/assert-has-tostringtag-support": "@stdlib/assert-has-tostringtag-support@0.2.2",
          "@stdlib/utils-native-class": "@stdlib/utils-native-class@0.2.1"
        }
      },
      "@stdlib/assert-is-string@0.2.1": {
        "integrity": "sha512-xphxm9i61By/M7cmyCqgPiDof4DP3Rms3lVdcCpkr7T9PkBFMhOlm6zyhxo/2+dhukjf4Sak/WqntF/CWgJFJw==",
        "dependencies": {
          "@stdlib/assert-has-tostringtag-support": "@stdlib/assert-has-tostringtag-support@0.2.1",
          "@stdlib/utils-define-nonenumerable-read-only-property": "@stdlib/utils-define-nonenumerable-read-only-property@0.2.1",
          "@stdlib/utils-native-class": "@stdlib/utils-native-class@0.2.1"
        }
      },
      "@stdlib/assert-is-string@0.2.2": {
        "integrity": "sha512-SOkFg4Hq443hkadM4tzcwTHWvTyKP9ULOZ8MSnnqmU0nBX1zLVFLFGY8jnF6Cary0dL0V7QQBCfuxqKFM6u2PQ==",
        "dependencies": {
          "@stdlib/assert-has-tostringtag-support": "@stdlib/assert-has-tostringtag-support@0.2.2",
          "@stdlib/utils-define-nonenumerable-read-only-property": "@stdlib/utils-define-nonenumerable-read-only-property@0.2.2",
          "@stdlib/utils-native-class": "@stdlib/utils-native-class@0.2.1"
        }
      },
      "@stdlib/assert-tools-array-function@0.2.1": {
        "integrity": "sha512-Igezf184udgzGjif5nS1VWJCSsYq1DgX9Lt2smE4YW29W0SjWW9ahps4t0QfEm3UrfTdiOY5DLLAO1MjzAVkVQ==",
        "dependencies": {
          "@stdlib/assert-is-array": "@stdlib/assert-is-array@0.2.1",
          "@stdlib/string-format": "@stdlib/string-format@0.2.1"
        }
      },
      "@stdlib/boolean-ctor@0.2.1": {
        "integrity": "sha512-CJx4lCU2eYoIcthpdzIoEmhE1Fgd1PFvQeFHhOvbm4TidP/uRP5xQGU+eimgxQ4G0lMxTJ8RNXpLPiK5OdeSUQ==",
        "dependencies": {}
      },
      "@stdlib/error-tools-fmtprodmsg@0.2.1": {
        "integrity": "sha512-SaxvGeGfWfda/O3rTNGRGBzAL9gsY/yd8n1hXwzOl/2aUHf8nxcf6Fz6/BQ5PguT0GiBkca19XEhHZZHxX3X/g==",
        "dependencies": {}
      },
      "@stdlib/error-tools-fmtprodmsg@0.2.2": {
        "integrity": "sha512-2IliQfTes4WV5odPidZFGD5eYDswZrPXob7oOu95Q69ERqImo8WzSwnG2EDbHPyOyYCewuMfM5Ha6Ggf+u944Q==",
        "dependencies": {}
      },
      "@stdlib/regexp-function-name@0.2.1": {
        "integrity": "sha512-Ba/EpQ6Lt9CybnFGd5IWvwk8iKCWVv9zVsssuY5ABHhKc+nK0b7CK5qorISMYOMhVHH8PwofhY/iQtWfeb8RWA==",
        "dependencies": {
          "@stdlib/utils-define-nonenumerable-read-only-property": "@stdlib/utils-define-nonenumerable-read-only-property@0.2.1"
        }
      },
      "@stdlib/string-base-format-interpolate@0.2.1": {
        "integrity": "sha512-Uxz89eUi4m9yao4VjsqXIxLIF7qDmqEAH0e+XBRWRGC2zx6DhmK2kLnaU0xW69+VJPn3dq4itxq0oryw2E+qIQ==",
        "dependencies": {}
      },
      "@stdlib/string-base-format-tokenize@0.2.1": {
        "integrity": "sha512-3Ut96pmCgEFArrdwXKm1q0j1FOqTnG/uOsh24uYNU/ABRsMOOajRlAjCCdQv9f8P916qPrSnF1V3Pd18LAaksg==",
        "dependencies": {}
      },
      "@stdlib/string-base-format-tokenize@0.2.2": {
        "integrity": "sha512-kXq2015i+LJjqth5dN+hYnvJXBSzRm8w0ABWB5tYAsIuQTpQK+mSo2muM8JBEFEnqUHAwpUsu2qNTK/9o8lsJg==",
        "dependencies": {}
      },
      "@stdlib/string-base-replace@0.2.1": {
        "integrity": "sha512-n7FRXJDCFTr7BfW/HOhyaOFKYrzsUHS3MULrykCld5MEJrVbTL61eXRWBPhMWeTVwJHCHU6zxtiwGt4+cU5vdg==",
        "dependencies": {}
      },
      "@stdlib/string-base-replace@0.2.2": {
        "integrity": "sha512-Y4jZwRV4Uertw7AlA/lwaYl1HjTefSriN5+ztRcQQyDYmoVN3gzoVKLJ123HPiggZ89vROfC+sk/6AKvly+0CA==",
        "dependencies": {}
      },
      "@stdlib/string-format@0.2.1": {
        "integrity": "sha512-+HpXkEJ0Z4gthH5KicXvRRJiCiCTSrKzM+mS8N6vwaAD+OG+Oq8Cn43XBD1ic/UHROI9un42MruF1ZLlkSmdOw==",
        "dependencies": {
          "@stdlib/string-base-format-interpolate": "@stdlib/string-base-format-interpolate@0.2.1",
          "@stdlib/string-base-format-tokenize": "@stdlib/string-base-format-tokenize@0.2.1"
        }
      },
      "@stdlib/string-format@0.2.2": {
        "integrity": "sha512-GUa50uxgMAtoItsxTbMmwkyhIwrCxCrsjzk3nAbLnt/1Kt1EWOWMwsALqZdD6K4V/xSJ4ns6PZur3W6w+vKk9g==",
        "dependencies": {
          "@stdlib/string-base-format-interpolate": "@stdlib/string-base-format-interpolate@0.2.1",
          "@stdlib/string-base-format-tokenize": "@stdlib/string-base-format-tokenize@0.2.2"
        }
      },
      "@stdlib/string-remove-punctuation@0.2.1": {
        "integrity": "sha512-WKz7QNXsTWwcLz9AUbQY3FyWfNv1WuZscA9b9nECQVbmgSR9D0MCTTr8XdWEyPV49VFK20pFHZq54H8rsg+EzA==",
        "dependencies": {
          "@stdlib/assert-is-string": "@stdlib/assert-is-string@0.2.1",
          "@stdlib/string-format": "@stdlib/string-format@0.2.1",
          "@stdlib/string-replace": "@stdlib/string-replace@0.2.1"
        }
      },
      "@stdlib/string-remove-punctuation@0.2.2": {
        "integrity": "sha512-UFf77RbP5jfYr2CMhDy5CcUqbefTe3NxI0LUDYylF2I/DpHahI/niwKntS23c0r4MLUN/WGR74hGxDPSMuKHAw==",
        "dependencies": {
          "@stdlib/assert-is-string": "@stdlib/assert-is-string@0.2.2",
          "@stdlib/error-tools-fmtprodmsg": "@stdlib/error-tools-fmtprodmsg@0.2.2",
          "@stdlib/string-format": "@stdlib/string-format@0.2.2",
          "@stdlib/string-replace": "@stdlib/string-replace@0.2.2"
        }
      },
      "@stdlib/string-replace@0.2.1": {
        "integrity": "sha512-rle3pW4KowxxITbrad0+/cjRg+zWUMITvWqK2MKNDRfI8x9Jf1wOA34N7w0YBCMcT6UVQDJKX3cwe4rhz3ZDKw==",
        "dependencies": {
          "@stdlib/assert-is-function": "@stdlib/assert-is-function@0.2.1",
          "@stdlib/assert-is-regexp": "@stdlib/assert-is-regexp@0.2.1",
          "@stdlib/assert-is-string": "@stdlib/assert-is-string@0.2.1",
          "@stdlib/string-base-replace": "@stdlib/string-base-replace@0.2.1",
          "@stdlib/string-format": "@stdlib/string-format@0.2.1",
          "@stdlib/utils-escape-regexp-string": "@stdlib/utils-escape-regexp-string@0.2.1"
        }
      },
      "@stdlib/string-replace@0.2.2": {
        "integrity": "sha512-czNS5IU7sBuHjac45Y3VWUTsUoi82yc8JsMZrOMcjgSrEuDrVmA6sNJg7HC1DuSpdPjm/v9uUk102s1gIfk3Nw==",
        "dependencies": {
          "@stdlib/assert-is-function": "@stdlib/assert-is-function@0.2.2",
          "@stdlib/assert-is-regexp": "@stdlib/assert-is-regexp@0.2.2",
          "@stdlib/assert-is-string": "@stdlib/assert-is-string@0.2.2",
          "@stdlib/error-tools-fmtprodmsg": "@stdlib/error-tools-fmtprodmsg@0.2.2",
          "@stdlib/string-base-replace": "@stdlib/string-base-replace@0.2.2",
          "@stdlib/string-format": "@stdlib/string-format@0.2.2",
          "@stdlib/utils-escape-regexp-string": "@stdlib/utils-escape-regexp-string@0.2.2"
        }
      },
      "@stdlib/symbol-ctor@0.2.1": {
        "integrity": "sha512-ZZAuKPJZ9PVrbRCp4iPKdlyh7uyrCi39dqrU/j/w38mOzYZJV6utK33eeAIsQH5yMDO7Tr0Zu69TKGf2XqmaPw==",
        "dependencies": {}
      },
      "@stdlib/utils-constructor-name@0.2.1": {
        "integrity": "sha512-liLBKiHjR5pPrvq+H2UtDA05LMRHGZgyxOAGiR/rW5Lb1OmBHOQcxzR9k4TK3Ck0pHPzS8Oe6Yxy/d7lO9sqFg==",
        "dependencies": {
          "@stdlib/assert-is-buffer": "@stdlib/assert-is-buffer@0.2.1",
          "@stdlib/regexp-function-name": "@stdlib/regexp-function-name@0.2.1",
          "@stdlib/utils-native-class": "@stdlib/utils-native-class@0.2.1"
        }
      },
      "@stdlib/utils-define-nonenumerable-read-only-property@0.2.1": {
        "integrity": "sha512-L8fs1kI79T2RQIg8rHR9aQnnSDELqiDGWbK3jA1NP8iW+ydxlxXyO8Dw17fBCXVua3Y19a1NVyGtIN5WGe2UCw==",
        "dependencies": {
          "@stdlib/utils-define-property": "@stdlib/utils-define-property@0.2.3"
        }
      },
      "@stdlib/utils-define-nonenumerable-read-only-property@0.2.2": {
        "integrity": "sha512-V3mpAesJemLYDKG376CsmoczWPE/4LKsp8xBvUxCt5CLNAx3J/1W39iZQyA5q6nY1RStGinGn1/dYZwa8ig0Uw==",
        "dependencies": {
          "@stdlib/utils-define-property": "@stdlib/utils-define-property@0.2.3"
        }
      },
      "@stdlib/utils-define-property@0.2.3": {
        "integrity": "sha512-+EzWImaQR/6XNFbXIITFi3PLQGTbKVIWSYxJfHXAuTtibAMnhHOWvEzKOumVe/Q4Cdsrc3/PIkpjJzliqAX9AA==",
        "dependencies": {
          "@stdlib/error-tools-fmtprodmsg": "@stdlib/error-tools-fmtprodmsg@0.2.1",
          "@stdlib/string-format": "@stdlib/string-format@0.2.1"
        }
      },
      "@stdlib/utils-escape-regexp-string@0.2.1": {
        "integrity": "sha512-JwxkU1JGuHu9WJfEAgAvGElizGfainZ25JqIxLOn1pzpmHRW0RVa2cq+scgTjlAvHebcDjjkRQN66ROzIDgUNw==",
        "dependencies": {
          "@stdlib/assert-is-string": "@stdlib/assert-is-string@0.2.1",
          "@stdlib/string-format": "@stdlib/string-format@0.2.1"
        }
      },
      "@stdlib/utils-escape-regexp-string@0.2.2": {
        "integrity": "sha512-areCibzgpmvm6pGKBg+mXkSDJW4NxtS5jcAT7RtunGMdAYhA/I5whISMPaeJkIT2XhjjFkjKBaIs5pF6aPr4fQ==",
        "dependencies": {
          "@stdlib/assert-is-string": "@stdlib/assert-is-string@0.2.2",
          "@stdlib/error-tools-fmtprodmsg": "@stdlib/error-tools-fmtprodmsg@0.2.2",
          "@stdlib/string-format": "@stdlib/string-format@0.2.2"
        }
      },
      "@stdlib/utils-global@0.2.1": {
        "integrity": "sha512-xf/cwHUN/BFSTYwiokQmMLxuXlYZYzNch/HgyDGx78bCx4MAVinK86EzP0dPn8HOLcZ/roxtQ5rXsyD49lEp/w==",
        "dependencies": {
          "@stdlib/assert-is-boolean": "@stdlib/assert-is-boolean@0.2.1",
          "@stdlib/string-format": "@stdlib/string-format@0.2.1"
        }
      },
      "@stdlib/utils-native-class@0.2.1": {
        "integrity": "sha512-tM3am6amt50I4mFRlClExUmORqPzMExgDyZc4Lur+LXn5wb0uEoeBbJ27ftMDg8PNLSi5RUuBCwZBEXvYpG0yw==",
        "dependencies": {
          "@stdlib/assert-has-own-property": "@stdlib/assert-has-own-property@0.2.1",
          "@stdlib/assert-has-tostringtag-support": "@stdlib/assert-has-tostringtag-support@0.2.1",
          "@stdlib/symbol-ctor": "@stdlib/symbol-ctor@0.2.1"
        }
      },
      "@stdlib/utils-type-of@0.2.1": {
        "integrity": "sha512-FE7rbPMkHwFsciA8ntfAcMvJ71DCerNO7m/pnpq+cFPR7bJSb8h2gaIqoHTkg9+vTMnJaOo3tDIWz4vN/CEQ8w==",
        "dependencies": {
          "@stdlib/utils-constructor-name": "@stdlib/utils-constructor-name@0.2.1",
          "@stdlib/utils-global": "@stdlib/utils-global@0.2.1"
        }
      },
      "@types/node@18.16.19": {
        "integrity": "sha512-IXl7o+R9iti9eBW4Wg2hx1xQDig183jj7YLn8F7udNceyfkbn1ZxmzZXuak20gR40D7pIkIY1kYGx5VIGbaHKA==",
        "dependencies": {}
      },
      "boolbase@1.0.0": {
        "integrity": "sha512-JZOSA7Mo9sNGB8+UjSgzdLtokWAky1zbztM3WRLCbZ70/3cTANmQmOdR7y2g+J0e2WXywy1yS468tY+IruqEww==",
        "dependencies": {}
      },
      "cheerio-select@2.1.0": {
        "integrity": "sha512-9v9kG0LvzrlcungtnJtpGNxY+fzECQKhK4EGJX2vByejiMX84MFNQw4UxPJl3bFbTMw+Dfs37XaIkCwTZfLh4g==",
        "dependencies": {
          "boolbase": "boolbase@1.0.0",
          "css-select": "css-select@5.1.0",
          "css-what": "css-what@6.1.0",
          "domelementtype": "domelementtype@2.3.0",
          "domhandler": "domhandler@5.0.3",
          "domutils": "domutils@3.1.0"
        }
      },
      "cheerio@1.0.0": {
        "integrity": "sha512-quS9HgjQpdaXOvsZz82Oz7uxtXiy6UIsIQcpBj7HRw2M63Skasm9qlDocAM7jNuaxdhpPU7c4kJN+gA5MCu4ww==",
        "dependencies": {
          "cheerio-select": "cheerio-select@2.1.0",
          "dom-serializer": "dom-serializer@2.0.0",
          "domhandler": "domhandler@5.0.3",
          "domutils": "domutils@3.1.0",
          "encoding-sniffer": "encoding-sniffer@0.2.0",
          "htmlparser2": "htmlparser2@9.1.0",
          "parse5": "parse5@7.1.2",
          "parse5-htmlparser2-tree-adapter": "parse5-htmlparser2-tree-adapter@7.0.0",
          "parse5-parser-stream": "parse5-parser-stream@7.1.2",
          "undici": "undici@6.19.7",
          "whatwg-mimetype": "whatwg-mimetype@4.0.0"
        }
      },
      "cheerio@1.0.0-rc.12": {
        "integrity": "sha512-VqR8m68vM46BNnuZ5NtnGBKIE/DfN0cRIzg9n40EIq9NOv90ayxLBXA8fXC5gquFRGJSTRqBq25Jt2ECLR431Q==",
        "dependencies": {
          "cheerio-select": "cheerio-select@2.1.0",
          "dom-serializer": "dom-serializer@2.0.0",
          "domhandler": "domhandler@5.0.3",
          "domutils": "domutils@3.1.0",
          "htmlparser2": "htmlparser2@8.0.2",
          "parse5": "parse5@7.1.2",
          "parse5-htmlparser2-tree-adapter": "parse5-htmlparser2-tree-adapter@7.0.0"
        }
      },
      "create-hono@0.5.0": {
        "integrity": "sha512-Bx6uWrIjWStrplM/wqH89meJxJxftT+pIsB2gSrxM3eenEeHlT8LsAzh3GRHge/hldjeLRcOx9XHFrvAmgU8zw==",
        "dependencies": {}
      },
      "css-select@5.1.0": {
        "integrity": "sha512-nwoRF1rvRRnnCqqY7updORDsuqKzqYJ28+oSMaJMMgOauh3fvwHqMS7EZpIPqK8GL+g9mKxF1vP/ZjSeNjEVHg==",
        "dependencies": {
          "boolbase": "boolbase@1.0.0",
          "css-what": "css-what@6.1.0",
          "domhandler": "domhandler@5.0.3",
          "domutils": "domutils@3.1.0",
          "nth-check": "nth-check@2.1.1"
        }
      },
      "css-what@6.1.0": {
        "integrity": "sha512-HTUrgRJ7r4dsZKU6GjmpfRK1O76h97Z8MfS1G0FozR+oF2kG6Vfe8JE6zwrkbxigziPHinCJ+gCPjA9EaBDtRw==",
        "dependencies": {}
      },
      "dom-serializer@2.0.0": {
        "integrity": "sha512-wIkAryiqt/nV5EQKqQpo3SToSOV9J0DnbJqwK7Wv/Trc92zIAYZ4FlMu+JPFW1DfGFt81ZTCGgDEabffXeLyJg==",
        "dependencies": {
          "domelementtype": "domelementtype@2.3.0",
          "domhandler": "domhandler@5.0.3",
          "entities": "entities@4.5.0"
        }
      },
      "domelementtype@2.3.0": {
        "integrity": "sha512-OLETBj6w0OsagBwdXnPdN0cnMfF9opN69co+7ZrbfPGrdpPVNBUj02spi6B1N7wChLQiPn4CSH/zJvXw56gmHw==",
        "dependencies": {}
      },
      "domhandler@5.0.3": {
        "integrity": "sha512-cgwlv/1iFQiFnU96XXgROh8xTeetsnJiDsTc7TYCLFd9+/WNkIqPTxiM/8pSd8VIrhXGTf1Ny1q1hquVqDJB5w==",
        "dependencies": {
          "domelementtype": "domelementtype@2.3.0"
        }
      },
      "domutils@3.1.0": {
        "integrity": "sha512-H78uMmQtI2AhgDJjWeQmHwJJ2bLPD3GMmO7Zja/ZZh84wkm+4ut+IUnUdRa8uCGX88DiVx1j6FRe1XfxEgjEZA==",
        "dependencies": {
          "dom-serializer": "dom-serializer@2.0.0",
          "domelementtype": "domelementtype@2.3.0",
          "domhandler": "domhandler@5.0.3"
        }
      },
      "encoding-sniffer@0.2.0": {
        "integrity": "sha512-ju7Wq1kg04I3HtiYIOrUrdfdDvkyO9s5XM8QAj/bN61Yo/Vb4vgJxy5vi4Yxk01gWHbrofpPtpxM8bKger9jhg==",
        "dependencies": {
          "iconv-lite": "iconv-lite@0.6.3",
          "whatwg-encoding": "whatwg-encoding@3.1.1"
        }
      },
      "entities@4.5.0": {
        "integrity": "sha512-V0hjH4dGPh9Ao5p0MoRY6BVqtwCjhz6vI5LT8AJ55H+4g9/4vbHx1I54fS0XuclLhDHArPQCiMjDxjaL8fPxhw==",
        "dependencies": {}
      },
      "flexsearch@0.7.43": {
        "integrity": "sha512-c5o/+Um8aqCSOXGcZoqZOm+NqtVwNsvVpWv6lfmSclU954O3wvQKxxK8zj74fPaSJbXpSLTs4PRhh+wnoCXnKg==",
        "dependencies": {}
      },
      "htmlparser2@8.0.2": {
        "integrity": "sha512-GYdjWKDkbRLkZ5geuHs5NY1puJ+PXwP7+fHPRz06Eirsb9ugf6d8kkXav6ADhcODhFFPMIXyxkxSuMf3D6NCFA==",
        "dependencies": {
          "domelementtype": "domelementtype@2.3.0",
          "domhandler": "domhandler@5.0.3",
          "domutils": "domutils@3.1.0",
          "entities": "entities@4.5.0"
        }
      },
      "htmlparser2@9.1.0": {
        "integrity": "sha512-5zfg6mHUoaer/97TxnGpxmbR7zJtPwIYFMZ/H5ucTlPZhKvtum05yiPK3Mgai3a0DyVxv7qYqoweaEd2nrYQzQ==",
        "dependencies": {
          "domelementtype": "domelementtype@2.3.0",
          "domhandler": "domhandler@5.0.3",
          "domutils": "domutils@3.1.0",
          "entities": "entities@4.5.0"
        }
      },
      "iconv-lite@0.6.3": {
        "integrity": "sha512-4fCk79wshMdzMp2rH06qWrJE4iolqLhCUH+OiuIgU++RB0+94NlDL81atO7GX55uUKueo0txHNtvEyI6D7WdMw==",
        "dependencies": {
          "safer-buffer": "safer-buffer@2.1.2"
        }
      },
      "minisearch@6.3.0": {
        "integrity": "sha512-ihFnidEeU8iXzcVHy74dhkxh/dn8Dc08ERl0xwoMMGqp4+LvRSCgicb+zGqWthVokQKvCSxITlh3P08OzdTYCQ==",
        "dependencies": {}
      },
      "minisearch@7.1.0": {
        "integrity": "sha512-tv7c/uefWdEhcu6hvrfTihflgeEi2tN6VV7HJnCjK6VxM75QQJh4t9FwJCsA2EsRS8LCnu3W87CuGPWMocOLCA==",
        "dependencies": {}
      },
      "nth-check@2.1.1": {
        "integrity": "sha512-lqjrjmaOoAnWfMmBPL+XNnynZh2+swxiX3WUE0s4yEHI6m+AwrK2UZOimIRl3X/4QctVqS8AiZjFqyOGrMXb/w==",
        "dependencies": {
          "boolbase": "boolbase@1.0.0"
        }
      },
      "parse5-htmlparser2-tree-adapter@7.0.0": {
        "integrity": "sha512-B77tOZrqqfUfnVcOrUvfdLbz4pu4RopLD/4vmu3HUPswwTA8OH0EMW9BlWR2B0RCoiZRAHEUu7IxeP1Pd1UU+g==",
        "dependencies": {
          "domhandler": "domhandler@5.0.3",
          "parse5": "parse5@7.1.2"
        }
      },
      "parse5-parser-stream@7.1.2": {
        "integrity": "sha512-JyeQc9iwFLn5TbvvqACIF/VXG6abODeB3Fwmv/TGdLk2LfbWkaySGY72at4+Ty7EkPZj854u4CrICqNk2qIbow==",
        "dependencies": {
          "parse5": "parse5@7.1.2"
        }
      },
      "parse5@7.1.2": {
        "integrity": "sha512-Czj1WaSVpaoj0wbhMzLmWD69anp2WH7FXMB9n1Sy8/ZFF9jolSQVMu1Ij5WIyGmcBmhk7EOndpO4mIpihVqAXw==",
        "dependencies": {
          "entities": "entities@4.5.0"
        }
      },
      "safer-buffer@2.1.2": {
        "integrity": "sha512-YZo3K82SD7Riyi0E1EQPojLz7kpepnSQI9IyPbHHg1XXXevb5dJI7tpyN2ADxGcQbHG7vcyRHk0cbwqcQriUtg==",
        "dependencies": {}
      },
      "undici@6.19.7": {
        "integrity": "sha512-HR3W/bMGPSr90i8AAp2C4DM3wChFdJPLrWYpIS++LxS8K+W535qftjt+4MyjNYHeWabMj1nvtmLIi7l++iq91A==",
        "dependencies": {}
      },
      "vn-str@0.4.0": {
        "integrity": "sha512-BifqqvdaPE4+MIu+98wpAFppaqsywXpFHGnItjvzxCkCCNY2b/5eudsSTwUsekAjES/sfE7YLmKUHta3h2OP+Q==",
        "dependencies": {}
      },
      "whatwg-encoding@3.1.1": {
        "integrity": "sha512-6qN4hJdMwfYBtE3YBTTHhoeuUrDBPZmbQaxWAqSALV/MeEnR5z1xd8UKud2RAkFoPkmB+hli1TZSnyi84xz1vQ==",
        "dependencies": {
          "iconv-lite": "iconv-lite@0.6.3"
        }
      },
      "whatwg-mimetype@4.0.0": {
        "integrity": "sha512-QaKxh0eNIi2mE9p2vEdzfagOKHCcj1pJ56EEHGQOVxp8r9/iszLUUV7v89x9O1p/T+NlTM5W7jW6+cz4Fq1YVg==",
        "dependencies": {}
      }
    }
  },
  "remote": {
    "https://deno.land/std@0.192.0/async/delay.ts": "73aa04cec034c84fc748c7be49bb15cac3dd43a57174bfdb7a4aec22c248f0dd",
    "https://deno.land/x/hono@v4.0.8/adapter/deno/serve-static.ts": "62b57d461ecebbc7b98809c4fc2a8358f0828d6e89cdc6841054e5bb3828fc80",
    "https://deno.land/x/hono@v4.0.8/client/client.ts": "9aa632e0df3bb1e10081a29577117c92b65f27252c56d2474ddba2113f584848",
    "https://deno.land/x/hono@v4.0.8/client/index.ts": "30def535310a37bede261f1b23d11a9758983b8e9d60a6c56309cee5f6746ab2",
    "https://deno.land/x/hono@v4.0.8/client/utils.ts": "b61b11614aa976e4b6f829642528bd78bf8d19a72aa57426e40eb21507a69c0a",
    "https://deno.land/x/hono@v4.0.8/compose.ts": "37d6e33b7db80e4c43a0629b12fd3a1e3406e7d9e62a4bfad4b30426ea7ae4f1",
    "https://deno.land/x/hono@v4.0.8/context.ts": "2c6b270ca580a46335d04bb5aac39ac13d00e7e4910f54deba446c0a93f0401f",
    "https://deno.land/x/hono@v4.0.8/helper/cookie/index.ts": "9adc57af5723f16d52ec1162838ac3c77dc2c8b9e216762e7c68106c7468cc77",
    "https://deno.land/x/hono@v4.0.8/helper/html/index.ts": "48a0ddc576c10452db6c3cab03dd4ee6986ab61ebdc667335b40a81fa0487f69",
    "https://deno.land/x/hono@v4.0.8/hono-base.ts": "d3323a4668796cd56b9061ad34f2fa12a3c52178890cfffe27bd077e263c0ab7",
    "https://deno.land/x/hono@v4.0.8/hono.ts": "23edd0140bf0bd5a68c14ae96e5856a5cec6b844277e853b91025e91ea74f416",
    "https://deno.land/x/hono@v4.0.8/http-exception.ts": "0dc357bbf1510f59cdfc35aad569df97e5652f7406f0693437fe140383d8d9c0",
    "https://deno.land/x/hono@v4.0.8/jsx/base.ts": "a744e48717677dfe665163ba95b71a7d0d96fbd569ea447aa0bc4195e1aa91fd",
    "https://deno.land/x/hono@v4.0.8/jsx/components.ts": "77f1143ca5f1c8af52f7c6724b10f863e8d6a0815b57914837a3506de3fb2fdf",
    "https://deno.land/x/hono@v4.0.8/jsx/constants.ts": "03dbf805f4d07e3b34ab05ac84f3c0cb4fbafb2096fba7789a5f6226ca6f21ad",
    "https://deno.land/x/hono@v4.0.8/jsx/context.ts": "2b7a86e6b35da171fab27aa05f09748bb3eba64b26c037ea1da655c07e8f6bc1",
    "https://deno.land/x/hono@v4.0.8/jsx/dom/components.ts": "733da654edb3d4c178a4479649fac2c64e79069e37e848add0c3a49f90e7f2d7",
    "https://deno.land/x/hono@v4.0.8/jsx/dom/context.ts": "39cd1108f0933934075fd88ef98139b0f29cce35b5d30d5fed2231daaa19c208",
    "https://deno.land/x/hono@v4.0.8/jsx/dom/jsx-dev-runtime.ts": "266a61edb91f596f8581218c2afb253449fa700e069298b5a3e96ee064a57183",
    "https://deno.land/x/hono@v4.0.8/jsx/dom/jsx-runtime.ts": "6a50a65306771a9000030f494d92a5fdeeb055112e0126234b2fd9179de1d4f5",
    "https://deno.land/x/hono@v4.0.8/jsx/dom/render.ts": "ca76952d936e4994c08a8eef291a353ea39815f42b547f1b3cb143559b3227ca",
    "https://deno.land/x/hono@v4.0.8/jsx/hooks/index.ts": "52c126b996bde4a8bd7a2fe327d97d1cd9ac85cb4c237db174957931c181c601",
    "https://deno.land/x/hono@v4.0.8/jsx/index.ts": "7ff75df12923a67c2fc4c2d06afc6db66ae95f854f091f6aa614b3e13f7d6ba8",
    "https://deno.land/x/hono@v4.0.8/jsx/streaming.ts": "0900f78cdd16529610de69329727e93d1bf60194b17595614db5fb4156cf8872",
    "https://deno.land/x/hono@v4.0.8/jsx/types.ts": "880971bd1e0704a6fba6b786ca596cbe23fc06e36c506f42ea17f84f9879f278",
    "https://deno.land/x/hono@v4.0.8/jsx/utils.ts": "7b9d84ce478c66a5f4709dc3a873ac7104ba3427597683221827abec2761da0e",
    "https://deno.land/x/hono@v4.0.8/middleware.ts": "782368901c77bf77410aa5bebbaba5ac9dfaae519a4d3d2753180a45e8b1c62f",
    "https://deno.land/x/hono@v4.0.8/middleware/basic-auth/index.ts": "cb9c6397f291612e2fa2f678e1cd85d427cf4395838d558a9fa2c99727f20fb0",
    "https://deno.land/x/hono@v4.0.8/middleware/bearer-auth/index.ts": "1bfe631db1661cd342a2220614af5e21455ebea11b8c3ed5f6df7ef8d02b9a54",
    "https://deno.land/x/hono@v4.0.8/middleware/cache/index.ts": "1294ca78a78d0ec279b8b8728837120458eeb429d774715777a412f190950312",
    "https://deno.land/x/hono@v4.0.8/middleware/compress/index.ts": "98c403a5fe7e9c5f5d776350b422b0a125fb34696851b8b14f825b9b7b06f2ac",
    "https://deno.land/x/hono@v4.0.8/middleware/cors/index.ts": "69e208e2bfd6345f14892e59ea817818373b3ebd74163177d687cd47ddbe1f6c",
    "https://deno.land/x/hono@v4.0.8/middleware/csrf/index.ts": "077bb0ce299d79d0d232cb9e462aaa4eaa901164f1310f74a7630f7e6cfe74e8",
    "https://deno.land/x/hono@v4.0.8/middleware/etag/index.ts": "3392aabea4d02dfec51455c5919bff9aad76538b9fde375dd542fbc3f389dd3a",
    "https://deno.land/x/hono@v4.0.8/middleware/jsx-renderer/index.ts": "4c1f0663b0826437e01ddefa1462a65f7a64b1dd6232667aa03ee517e516373d",
    "https://deno.land/x/hono@v4.0.8/middleware/jwt/index.ts": "d5bbd0568ca703d53c9e005c33f322ea2eb54e3bb9e0e3cf0d6b2322be80a197",
    "https://deno.land/x/hono@v4.0.8/middleware/logger/index.ts": "4baf9217b61f5e9e937c3e4e6cd87508c83603fcee77c33edba0a6ae2cc41ccd",
    "https://deno.land/x/hono@v4.0.8/middleware/powered-by/index.ts": "6faba0cf042278d60b317b690640bb0b58747690cf280fa09024424c5174e66d",
    "https://deno.land/x/hono@v4.0.8/middleware/pretty-json/index.ts": "2216ce4c9910be009fecac63367c3626b46137d4cf7cb9a82913e501104b4a88",
    "https://deno.land/x/hono@v4.0.8/middleware/secure-headers/index.ts": "24cf3544002e882972842800bce223738b32c9c84bef7f74892e994819765f84",
    "https://deno.land/x/hono@v4.0.8/middleware/serve-static/index.ts": "8a6e0e82ee7459e518ce8dc3d91e7872b272ffdf9a26dbcee3ff17f2157be088",
    "https://deno.land/x/hono@v4.0.8/middleware/timing/index.ts": "241702aa10ab66cc832e8b556c57c236f3bf338a8817d802cb142eae0f852582",
    "https://deno.land/x/hono@v4.0.8/mod.ts": "90114a97be9111b348129ad0143e764a64921f60dd03b8f3da529db98a0d3a82",
    "https://deno.land/x/hono@v4.0.8/request.ts": "9c8061eaf4373aa122a77d1aa8e888397425bc5d78bc17c87a2c861375c4f0b3",
    "https://deno.land/x/hono@v4.0.8/router.ts": "880316f561918fc197481755aac2165fdbe2f530b925c5357a9f98d6e2cc85c7",
    "https://deno.land/x/hono@v4.0.8/router/linear-router/index.ts": "8a2a7144c50b1f4a92d9ee99c2c396716af144c868e10608255f969695efccd0",
    "https://deno.land/x/hono@v4.0.8/router/linear-router/router.ts": "9f8b82c2ba63aebafa58e2e0256490d34d254ebbe8a57ca9ce3ba23709bece3a",
    "https://deno.land/x/hono@v4.0.8/router/pattern-router/index.ts": "304a66c50e243872037ed41c7dd79ed0c89d815e17e172e7ad7cdc4bc07d3383",
    "https://deno.land/x/hono@v4.0.8/router/pattern-router/router.ts": "e42b3c45545da9120f4ac9cb333eed6f230ed5cee3fa52949d2c577a37517046",
    "https://deno.land/x/hono@v4.0.8/router/reg-exp-router/index.ts": "52755829213941756159b7a963097bafde5cc4fc22b13b1c7c9184dc0512d1db",
    "https://deno.land/x/hono@v4.0.8/router/reg-exp-router/node.ts": "5b3fb80411db04c65df066e69fedb2c8c0844753c2633d703336de84d569252c",
    "https://deno.land/x/hono@v4.0.8/router/reg-exp-router/router.ts": "558ab9c2d2d10d4023d80026fd976a17b56dc853df7f1acd171b78c00507ce11",
    "https://deno.land/x/hono@v4.0.8/router/reg-exp-router/trie.ts": "852ce7207e6701e47fa30889a0d2b8bfcd56d8862c97e7bc9831e0a64bd8835f",
    "https://deno.land/x/hono@v4.0.8/router/smart-router/index.ts": "74f9b4fe15ea535900f2b9b048581915f12fe94e531dd2b0032f5610e61c3bef",
    "https://deno.land/x/hono@v4.0.8/router/smart-router/router.ts": "f1848a2a1eefa316a11853ae12e749552747771fb8a11fe713ae04ea6461140b",
    "https://deno.land/x/hono@v4.0.8/router/trie-router/index.ts": "3eb75e7f71ba81801631b30de6b1f5cefb2c7239c03797e2b2cbab5085911b41",
    "https://deno.land/x/hono@v4.0.8/router/trie-router/node.ts": "04d2eac912cc367b95545ce10d889134fc37be74ca729a7f0772970f37b29d11",
    "https://deno.land/x/hono@v4.0.8/router/trie-router/router.ts": "54ced78d35676302c8fcdda4204f7bdf5a7cc907fbf9967c75674b1e394f830d",
    "https://deno.land/x/hono@v4.0.8/utils/body.ts": "1c7013f83bbef8216b3d862111efd5a183eaa29e86decf9a7eec6cdf25757e93",
    "https://deno.land/x/hono@v4.0.8/utils/buffer.ts": "9066a973e64498cb262c7e932f47eed525a51677b17f90893862b7279dc0773e",
    "https://deno.land/x/hono@v4.0.8/utils/cookie.ts": "a8d61878bc6eb338d17758e2b5b47512ac1ced8d824fd4ff7b637b091cc7b28f",
    "https://deno.land/x/hono@v4.0.8/utils/crypto.ts": "bda0e141bbe46d3a4a20f8fbcb6380d473b617123d9fdfa93e4499410b537acc",
    "https://deno.land/x/hono@v4.0.8/utils/encode.ts": "311dfdfae7eb0b6345e9680f7ebbb3a692e872ed964e2029aca38567af8d1f33",
    "https://deno.land/x/hono@v4.0.8/utils/filepath.ts": "a83e5fe87396bb291a6c5c28e13356fcbea0b5547bad2c3ba9660100ff964000",
    "https://deno.land/x/hono@v4.0.8/utils/html.ts": "6ea4f6bf41587a51607dff7a6d2865ef4d5001e4203b07e5c8a45b63a098e871",
    "https://deno.land/x/hono@v4.0.8/utils/jwt/index.ts": "5e4b82a42eb3603351dfce726cd781ca41cb57437395409d227131aec348d2d5",
    "https://deno.land/x/hono@v4.0.8/utils/jwt/jwt.ts": "02ff7bbf1298ffcc7a40266842f8eac44b6c136453e32d4441e24d0cbfba3a95",
    "https://deno.land/x/hono@v4.0.8/utils/jwt/types.ts": "1dd79fce49dcaf54511d9bca88f5ae508cef577225aa581c811b248dc9c7a121",
    "https://deno.land/x/hono@v4.0.8/utils/mime.ts": "1e5db0919d2127995ec466dfd1ee637c3d63084f516ccbd3c6906ccf0d3f3c46",
    "https://deno.land/x/hono@v4.0.8/utils/url.ts": "d9d307a495e7dfc6e916fbcfa74c2d8d23e8e685bddc5e6ebc9c0f784345a01a",
    "https://deno.land/x/hono@v4.0.8/validator/index.ts": "6c986e8b91dcf857ecc8164a506ae8eea8665792a4ff7215471df669c632ae7c",
    "https://deno.land/x/hono@v4.0.8/validator/validator.ts": "d80db93f84bce6406feac5d157cb97ee69242498d0dbec4568cb5df1a844bf0f",
    "https://deno.land/x/ttl_cache@v0.1.1/mod.ts": "53881d4ec7a035fde7704eb1296b91edee2822ab4fabeadd824e1c96bfffe1e4"
  },
  "workspace": {
    "dependencies": [
      "jsr:@hono/hono@^4.5.5",
      "npm:@stdlib/string-remove-punctuation@^0.2.2",
      "npm:cheerio@^1.0.0",
      "npm:htmlparser2@^9.1.0",
      "npm:minisearch@^7.1.0",
      "npm:vn-str@^0.4.0"
    ]
  }
}
